# This file was autogenerated by uv via the following command:
#    uv pip compile pyproject.toml --output-file uv.lock
annotated-types==0.7.0
    # via pydantic
anyio==4.9.0
    # via starlette
certifi==2025.4.26
    # via requests
charset-normalizer==3.4.2
    # via requests
click==8.2.1
    # via uvicorn
fastapi==0.115.11
    # via imaging-plaza-search (pyproject.toml)
h11==0.16.0
    # via uvicorn
html5lib==1.1
    # via pyshacl
idna==3.10
    # via
    #   anyio
    #   requests
owlrl==6.0.2
    # via pyshacl
packaging==25.0
    # via pyshacl
prettytable==3.16.0
    # via pyshacl
pydantic==2.10.3
    # via
    #   imaging-plaza-search (pyproject.toml)
    #   fastapi
pydantic-core==2.27.1
    # via pydantic
pyparsing==3.2.3
    # via rdflib
pyshacl==0.25.0
    # via imaging-plaza-search (pyproject.toml)
python-dotenv==0.21.1
    # via imaging-plaza-search (pyproject.toml)
rdflib==7.1.4
    # via
    #   imaging-plaza-search (pyproject.toml)
    #   owlrl
    #   pyshacl
    #   sparqlwrapper
requests==2.32.3
    # via imaging-plaza-search (pyproject.toml)
six==1.17.0
    # via html5lib
sniffio==1.3.1
    # via anyio
sparqlwrapper==2.0.0
    # via imaging-plaza-search (pyproject.toml)
starlette==0.46.2
    # via fastapi
typing-extensions==4.14.0
    # via
    #   anyio
    #   fastapi
    #   pydantic
    #   pydantic-core
urllib3==2.4.0
    # via requests
uvicorn==0.22.0
    # via imaging-plaza-search (pyproject.toml)
wcwidth==0.2.13
    # via prettytable
webencodings==0.5.1
    # via html5lib
